// !$*UTF8*$!
{
	archiveVersion = 1;
	classes = {
	};
	objectVersion = 70;
	objects = {

/* Begin PBXBuildFile section */
		4016825F2E245656009F2036 /* AppCore in Frameworks */ = {isa = PBXBuildFile; productRef = 4016825E2E245656009F2036 /* AppCore */; };
		401682622E24572D009F2036 /* AppCore in Frameworks */ = {isa = PBXBuildFile; productRef = 401682612E24572D009F2036 /* AppCore */; };
		406463162E247E2B00B459A0 /* XCTest.framework in Frameworks */ = {isa = PBXBuildFile; fileRef = 406463152E247E2B00B459A0 /* XCTest.framework */; platformFilter = ios; };
		407EEE022E24827E0013402C /* (null) in Frameworks */ = {isa = PBXBuildFile; };
		407EEE122E24865D0013402C /* AppCore in Frameworks */ = {isa = PBXBuildFile; productRef = 407EEE112E24865D0013402C /* AppCore */; };
		407EEE152E24866E0013402C /* Features in Frameworks */ = {isa = PBXBuildFile; productRef = 407EEE142E24866E0013402C /* Features */; };
		407EEE182E2486790013402C /* LocationSearchClient in Frameworks */ = {isa = PBXBuildFile; productRef = 407EEE172E2486790013402C /* LocationSearchClient */; };
		407EEE1B2E2486820013402C /* OpenMeteoClient in Frameworks */ = {isa = PBXBuildFile; productRef = 407EEE1A2E2486820013402C /* OpenMeteoClient */; };
		407EEE1E2E2486910013402C /* OpenWeatherMapClient in Frameworks */ = {isa = PBXBuildFile; productRef = 407EEE1D2E2486910013402C /* OpenWeatherMapClient */; };
		407EEE212E24869E0013402C /* UIComponents in Frameworks */ = {isa = PBXBuildFile; productRef = 407EEE202E24869E0013402C /* UIComponents */; };
		407EEE242E2486A90013402C /* WeatherServiceClient in Frameworks */ = {isa = PBXBuildFile; productRef = 407EEE232E2486A90013402C /* WeatherServiceClient */; };
		A10000080000000000000001 /* ComposableArchitecture in Frameworks */ = {isa = PBXBuildFile; productRef = A10000080000000000000002 /* ComposableArchitecture */; };
		A10000090000000000000001 /* WeatherApp.swift in Sources */ = {isa = PBXBuildFile; fileRef = A10000090000000000000003 /* WeatherApp.swift */; };
		A10000100000000000000001 /* Assets.xcassets in Resources */ = {isa = PBXBuildFile; fileRef = A10000100000000000000003 /* Assets.xcassets */; };
		A10000110000000000000001 /* Preview Assets.xcassets in Resources */ = {isa = PBXBuildFile; fileRef = A10000110000000000000003 /* Preview Assets.xcassets */; };
		A10000120000000000000001 /* Config.xcconfig in Resources */ = {isa = PBXBuildFile; fileRef = A10000120000000000000003 /* Config.xcconfig */; };
/* End PBXBuildFile section */

/* Begin PBXContainerItemProxy section */
		4064630E2E247CBA00B459A0 /* PBXContainerItemProxy */ = {
			isa = PBXContainerItemProxy;
			containerPortal = A10000230000000000000001 /* Project object */;
			proxyType = 1;
			remoteGlobalIDString = A10000190000000000000001;
			remoteInfo = OsapiensWeatherApp;
		};
/* End PBXContainerItemProxy section */

/* Begin PBXFileReference section */
		4064630A2E247CBA00B459A0 /* OsapiensWeatherAppTests.xctest */ = {isa = PBXFileReference; explicitFileType = wrapper.cfbundle; includeInIndex = 0; path = OsapiensWeatherAppTests.xctest; sourceTree = BUILT_PRODUCTS_DIR; };
		406463152E247E2B00B459A0 /* XCTest.framework */ = {isa = PBXFileReference; lastKnownFileType = wrapper.framework; name = XCTest.framework; path = Platforms/iPhoneOS.platform/Developer/Library/Frameworks/XCTest.framework; sourceTree = DEVELOPER_DIR; };
		40D5E3FD2E247FD5004A1DA0 /* OsapiensWeatherApp.xctestplan */ = {isa = PBXFileReference; lastKnownFileType = text; path = OsapiensWeatherApp.xctestplan; sourceTree = "<group>"; };
		A10000090000000000000003 /* WeatherApp.swift */ = {isa = PBXFileReference; lastKnownFileType = sourcecode.swift; path = WeatherApp.swift; sourceTree = "<group>"; };
		A10000100000000000000003 /* Assets.xcassets */ = {isa = PBXFileReference; lastKnownFileType = folder.assetcatalog; path = Assets.xcassets; sourceTree = "<group>"; };
		A10000110000000000000003 /* Preview Assets.xcassets */ = {isa = PBXFileReference; lastKnownFileType = folder.assetcatalog; path = "Preview Assets.xcassets"; sourceTree = "<group>"; };
		A10000120000000000000003 /* Config.xcconfig */ = {isa = PBXFileReference; lastKnownFileType = text.xcconfig; path = Config.xcconfig; sourceTree = "<group>"; };
		A10000130000000000000003 /* OsapiensWeatherApp.app */ = {isa = PBXFileReference; explicitFileType = wrapper.application; includeInIndex = 0; path = OsapiensWeatherApp.app; sourceTree = BUILT_PRODUCTS_DIR; };
/* End PBXFileReference section */

/* Begin PBXFileSystemSynchronizedRootGroup section */
		4064630B2E247CBA00B459A0 /* OsapiensWeatherAppTests */ = {isa = PBXFileSystemSynchronizedRootGroup; explicitFileTypes = {}; explicitFolders = (); path = OsapiensWeatherAppTests; sourceTree = "<group>"; };
/* End PBXFileSystemSynchronizedRootGroup section */

/* Begin PBXFrameworksBuildPhase section */
		406463072E247CBA00B459A0 /* Frameworks */ = {
			isa = PBXFrameworksBuildPhase;
			buildActionMask = 2147483647;
			files = (
				406463162E247E2B00B459A0 /* XCTest.framework in Frameworks */,
				407EEE022E24827E0013402C /* (null) in Frameworks */,
			);
			runOnlyForDeploymentPostprocessing = 0;
		};
		A10000140000000000000001 /* Frameworks */ = {
			isa = PBXFrameworksBuildPhase;
			buildActionMask = 2147483647;
			files = (
				401682622E24572D009F2036 /* AppCore in Frameworks */,
				407EEE122E24865D0013402C /* AppCore in Frameworks */,
				407EEE182E2486790013402C /* LocationSearchClient in Frameworks */,
				407EEE1E2E2486910013402C /* OpenWeatherMapClient in Frameworks */,
				407EEE1B2E2486820013402C /* OpenMeteoClient in Frameworks */,
				407EEE152E24866E0013402C /* Features in Frameworks */,
				407EEE242E2486A90013402C /* WeatherServiceClient in Frameworks */,
				407EEE212E24869E0013402C /* UIComponents in Frameworks */,
				4016825F2E245656009F2036 /* AppCore in Frameworks */,
				A10000080000000000000001 /* ComposableArchitecture in Frameworks */,
			);
			runOnlyForDeploymentPostprocessing = 0;
		};
/* End PBXFrameworksBuildPhase section */

/* Begin PBXGroup section */
		401682662E24597C009F2036 /* Frameworks */ = {
			isa = PBXGroup;
			children = (
				406463152E247E2B00B459A0 /* XCTest.framework */,
			);
			name = Frameworks;
			sourceTree = "<group>";
		};
		A10000150000000000000001 = {
			isa = PBXGroup;
			children = (
				40D5E3FD2E247FD5004A1DA0 /* OsapiensWeatherApp.xctestplan */,
				A10000160000000000000001 /* OsapiensWeatherApp */,
				4064630B2E247CBA00B459A0 /* OsapiensWeatherAppTests */,
				401682662E24597C009F2036 /* Frameworks */,
				A10000170000000000000001 /* Products */,
			);
			sourceTree = "<group>";
		};
		A10000160000000000000001 /* OsapiensWeatherApp */ = {
			isa = PBXGroup;
			children = (
				A10000090000000000000003 /* WeatherApp.swift */,
				A10000100000000000000003 /* Assets.xcassets */,
				A10000120000000000000003 /* Config.xcconfig */,
				A10000180000000000000001 /* Preview Content */,
			);
			path = OsapiensWeatherApp;
			sourceTree = "<group>";
		};
		A10000170000000000000001 /* Products */ = {
			isa = PBXGroup;
			children = (
				A10000130000000000000003 /* OsapiensWeatherApp.app */,
				4064630A2E247CBA00B459A0 /* OsapiensWeatherAppTests.xctest */,
			);
			name = Products;
			sourceTree = "<group>";
		};
		A10000180000000000000001 /* Preview Content */ = {
			isa = PBXGroup;
			children = (
				A10000110000000000000003 /* Preview Assets.xcassets */,
			);
			path = "Preview Content";
			sourceTree = "<group>";
		};
/* End PBXGroup section */

/* Begin PBXNativeTarget section */
		406463092E247CBA00B459A0 /* OsapiensWeatherAppTests */ = {
			isa = PBXNativeTarget;
			buildConfigurationList = 406463102E247CBA00B459A0 /* Build configuration list for PBXNativeTarget "OsapiensWeatherAppTests" */;
			buildPhases = (
				406463062E247CBA00B459A0 /* Sources */,
				406463072E247CBA00B459A0 /* Frameworks */,
				406463082E247CBA00B459A0 /* Resources */,
			);
			buildRules = (
			);
			dependencies = (
				4064630F2E247CBA00B459A0 /* PBXTargetDependency */,
			);
			fileSystemSynchronizedGroups = (
				4064630B2E247CBA00B459A0 /* OsapiensWeatherAppTests */,
			);
			name = OsapiensWeatherAppTests;
			packageProductDependencies = (
			);
			productName = OsapiensWeatherAppTests;
			productReference = 4064630A2E247CBA00B459A0 /* OsapiensWeatherAppTests.xctest */;
			productType = "com.apple.product-type.bundle.unit-test";
		};
		A10000190000000000000001 /* OsapiensWeatherApp */ = {
			isa = PBXNativeTarget;
			buildConfigurationList = A10000200000000000000001 /* Build configuration list for PBXNativeTarget "OsapiensWeatherApp" */;
			buildPhases = (
				A10000210000000000000001 /* Sources */,
				A10000140000000000000001 /* Frameworks */,
				A10000220000000000000001 /* Resources */,
			);
			buildRules = (
			);
			dependencies = (
			);
			name = OsapiensWeatherApp;
			packageProductDependencies = (
				A10000080000000000000002 /* ComposableArchitecture */,
				4016825E2E245656009F2036 /* AppCore */,
				401682612E24572D009F2036 /* AppCore */,
				407EEE112E24865D0013402C /* AppCore */,
				407EEE142E24866E0013402C /* Features */,
				407EEE172E2486790013402C /* LocationSearchClient */,
				407EEE1A2E2486820013402C /* OpenMeteoClient */,
				407EEE1D2E2486910013402C /* OpenWeatherMapClient */,
				407EEE202E24869E0013402C /* UIComponents */,
				407EEE232E2486A90013402C /* WeatherServiceClient */,
			);
			productName = OsapiensWeatherApp;
			productReference = A10000130000000000000003 /* OsapiensWeatherApp.app */;
			productType = "com.apple.product-type.application";
		};
/* End PBXNativeTarget section */

/* Begin PBXProject section */
		A10000230000000000000001 /* Project object */ = {
			isa = PBXProject;
			attributes = {
				BuildIndependentTargetsInParallel = 1;
				LastSwiftUpdateCheck = 1640;
				LastUpgradeCheck = 1500;
				TargetAttributes = {
					406463092E247CBA00B459A0 = {
						CreatedOnToolsVersion = 16.4;
						TestTargetID = A10000190000000000000001;
					};
					A10000190000000000000001 = {
						CreatedOnToolsVersion = 15.0;
					};
				};
			};
			buildConfigurationList = A10000240000000000000001 /* Build configuration list for PBXProject "OsapiensWeatherApp" */;
			compatibilityVersion = "Xcode 14.0";
			developmentRegion = en;
			hasScannedForEncodings = 0;
			knownRegions = (
				en,
				Base,
			);
			mainGroup = A10000150000000000000001;
			packageReferences = (
				A100002C0000000000000001 /* XCRemoteSwiftPackageReference "swift-composable-architecture" */,
				407EEE102E24865D0013402C /* XCLocalSwiftPackageReference "Packages/AppCore" */,
				407EEE132E24866E0013402C /* XCLocalSwiftPackageReference "Packages/Features" */,
				407EEE162E2486790013402C /* XCLocalSwiftPackageReference "Packages/LocationSearchClient" */,
				407EEE192E2486820013402C /* XCLocalSwiftPackageReference "Packages/OpenMeteoClient" */,
				407EEE1C2E2486910013402C /* XCLocalSwiftPackageReference "Packages/OpenWeatherMapClient" */,
				407EEE1F2E24869E0013402C /* XCLocalSwiftPackageReference "Packages/UIComponents" */,
				407EEE222E2486A90013402C /* XCLocalSwiftPackageReference "Packages/WeatherServiceClient" */,
			);
			productRefGroup = A10000170000000000000001 /* Products */;
			projectDirPath = "";
			projectRoot = "";
			targets = (
				A10000190000000000000001 /* OsapiensWeatherApp */,
				406463092E247CBA00B459A0 /* OsapiensWeatherAppTests */,
			);
		};
/* End PBXProject section */

/* Begin PBXResourcesBuildPhase section */
		406463082E247CBA00B459A0 /* Resources */ = {
			isa = PBXResourcesBuildPhase;
			buildActionMask = 2147483647;
			files = (
			);
			runOnlyForDeploymentPostprocessing = 0;
		};
		A10000220000000000000001 /* Resources */ = {
			isa = PBXResourcesBuildPhase;
			buildActionMask = 2147483647;
			files = (
				A10000110000000000000001 /* Preview Assets.xcassets in Resources */,
				A10000100000000000000001 /* Assets.xcassets in Resources */,
				A10000120000000000000001 /* Config.xcconfig in Resources */,
			);
			runOnlyForDeploymentPostprocessing = 0;
		};
/* End PBXResourcesBuildPhase section */

/* Begin PBXSourcesBuildPhase section */
		406463062E247CBA00B459A0 /* Sources */ = {
			isa = PBXSourcesBuildPhase;
			buildActionMask = 2147483647;
			files = (
			);
			runOnlyForDeploymentPostprocessing = 0;
		};
		A10000210000000000000001 /* Sources */ = {
			isa = PBXSourcesBuildPhase;
			buildActionMask = 2147483647;
			files = (
				A10000090000000000000001 /* WeatherApp.swift in Sources */,
			);
			runOnlyForDeploymentPostprocessing = 0;
		};
/* End PBXSourcesBuildPhase section */

/* Begin PBXTargetDependency section */
		4064630F2E247CBA00B459A0 /* PBXTargetDependency */ = {
			isa = PBXTargetDependency;
			target = A10000190000000000000001 /* OsapiensWeatherApp */;
			targetProxy = 4064630E2E247CBA00B459A0 /* PBXContainerItemProxy */;
		};
/* End PBXTargetDependency section */

/* Begin XCBuildConfiguration section */
		406463112E247CBA00B459A0 /* Debug */ = {
			isa = XCBuildConfiguration;
			buildSettings = {
				BUNDLE_LOADER = "$(TEST_HOST)";
				CODE_SIGN_STYLE = Automatic;
				CURRENT_PROJECT_VERSION = 1;
				DEVELOPMENT_TEAM = 2YWC458BZ6;
				GENERATE_INFOPLIST_FILE = YES;
				IPHONEOS_DEPLOYMENT_TARGET = 17.0;
				MARKETING_VERSION = 1.0;
				PRODUCT_BUNDLE_IDENTIFIER = IR.OsapiensWeatherAppTests;
				PRODUCT_NAME = "$(TARGET_NAME)";
				SWIFT_EMIT_LOC_STRINGS = NO;
				SWIFT_VERSION = 5.0;
				TARGETED_DEVICE_FAMILY = "1,2";
				TEST_HOST = "$(BUILT_PRODUCTS_DIR)/OsapiensWeatherApp.app/$(BUNDLE_EXECUTABLE_FOLDER_PATH)/OsapiensWeatherApp";
			};
			name = Debug;
		};
		406463122E247CBA00B459A0 /* Release */ = {
			isa = XCBuildConfiguration;
			buildSettings = {
				BUNDLE_LOADER = "$(TEST_HOST)";
				CODE_SIGN_STYLE = Automatic;
				CURRENT_PROJECT_VERSION = 1;
				DEVELOPMENT_TEAM = 2YWC458BZ6;
				GENERATE_INFOPLIST_FILE = YES;
				IPHONEOS_DEPLOYMENT_TARGET = 17.0;
				MARKETING_VERSION = 1.0;
				PRODUCT_BUNDLE_IDENTIFIER = IR.OsapiensWeatherAppTests;
				PRODUCT_NAME = "$(TARGET_NAME)";
				SWIFT_EMIT_LOC_STRINGS = NO;
				SWIFT_VERSION = 5.0;
				TARGETED_DEVICE_FAMILY = "1,2";
				TEST_HOST = "$(BUILT_PRODUCTS_DIR)/OsapiensWeatherApp.app/$(BUNDLE_EXECUTABLE_FOLDER_PATH)/OsapiensWeatherApp";
			};
			name = Release;
		};
		A100002D0000000000000001 /* Debug */ = {
			isa = XCBuildConfiguration;
			buildSettings = {
				ALWAYS_SEARCH_USER_PATHS = NO;
				ASSETCATALOG_COMPILER_GENERATE_SWIFT_ASSET_SYMBOL_EXTENSIONS = YES;
				CLANG_ANALYZER_NONNULL = YES;
				CLANG_ANALYZER_NUMBER_OBJECT_CONVERSION = YES_AGGRESSIVE;
				CLANG_CXX_LANGUAGE_STANDARD = "gnu++20";
				CLANG_ENABLE_MODULES = YES;
				CLANG_ENABLE_OBJC_ARC = YES;
				CLANG_ENABLE_OBJC_WEAK = YES;
				CLANG_WARN_BLOCK_CAPTURE_AUTORELEASING = YES;
				CLANG_WARN_BOOL_CONVERSION = YES;
				CLANG_WARN_COMMA = YES;
				CLANG_WARN_CONSTANT_CONVERSION = YES;
				CLANG_WARN_DEPRECATED_OBJC_IMPLEMENTATIONS = YES;
				CLANG_WARN_DIRECT_OBJC_ISA_USAGE = YES_ERROR;
				CLANG_WARN_DOCUMENTATION_COMMENTS = YES;
				CLANG_WARN_EMPTY_BODY = YES;
				CLANG_WARN_ENUM_CONVERSION = YES;
				CLANG_WARN_INFINITE_RECURSION = YES;
				CLANG_WARN_INT_CONVERSION = YES;
				CLANG_WARN_NON_LITERAL_NULL_CONVERSION = YES;
				CLANG_WARN_OBJC_IMPLICIT_RETAIN_SELF = YES;
				CLANG_WARN_OBJC_LITERAL_CONVERSION = YES;
				CLANG_WARN_OBJC_ROOT_CLASS = YES_ERROR;
				CLANG_WARN_QUOTED_INCLUDE_IN_FRAMEWORK_HEADER = YES;
				CLANG_WARN_RANGE_LOOP_ANALYSIS = YES;
				CLANG_WARN_STRICT_PROTOTYPES = YES;
				CLANG_WARN_SUSPICIOUS_MOVE = YES;
				CLANG_WARN_UNGUARDED_AVAILABILITY = YES_AGGRESSIVE;
				CLANG_WARN_UNREACHABLE_CODE = YES;
				CLANG_WARN__DUPLICATE_METHOD_MATCH = YES;
				COPY_PHASE_STRIP = NO;
				DEBUG_INFORMATION_FORMAT = dwarf;
				ENABLE_STRICT_OBJC_MSGSEND = YES;
				ENABLE_TESTABILITY = YES;
				ENABLE_USER_SCRIPT_SANDBOXING = YES;
				GCC_C_LANGUAGE_STANDARD = gnu17;
				GCC_DYNAMIC_NO_PIC = NO;
				GCC_NO_COMMON_BLOCKS = YES;
				GCC_OPTIMIZATION_LEVEL = 0;
				GCC_PREPROCESSOR_DEFINITIONS = (
					"DEBUG=1",
					"$(inherited)",
				);
				GCC_WARN_64_TO_32_BIT_CONVERSION = YES;
				GCC_WARN_ABOUT_RETURN_TYPE = YES_ERROR;
				GCC_WARN_UNDECLARED_SELECTOR = YES;
				GCC_WARN_UNINITIALIZED_AUTOS = YES_AGGRESSIVE;
				GCC_WARN_UNUSED_FUNCTION = YES;
				GCC_WARN_UNUSED_VARIABLE = YES;
				IPHONEOS_DEPLOYMENT_TARGET = 17.0;
				LOCALIZATION_PREFERS_STRING_CATALOGS = YES;
				MTL_ENABLE_DEBUG_INFO = INCLUDE_SOURCE;
				MTL_FAST_MATH = YES;
				ONLY_ACTIVE_ARCH = YES;
				SDKROOT = iphoneos;
				SWIFT_ACTIVE_COMPILATION_CONDITIONS = "DEBUG $(inherited)";
				SWIFT_OPTIMIZATION_LEVEL = "-Onone";
			};
			name = Debug;
		};
		A100002E0000000000000001 /* Release */ = {
			isa = XCBuildConfiguration;
			buildSettings = {
				ALWAYS_SEARCH_USER_PATHS = NO;
				ASSETCATALOG_COMPILER_GENERATE_SWIFT_ASSET_SYMBOL_EXTENSIONS = YES;
				CLANG_ANALYZER_NONNULL = YES;
				CLANG_ANALYZER_NUMBER_OBJECT_CONVERSION = YES_AGGRESSIVE;
				CLANG_CXX_LANGUAGE_STANDARD = "gnu++20";
				CLANG_ENABLE_MODULES = YES;
				CLANG_ENABLE_OBJC_ARC = YES;
				CLANG_ENABLE_OBJC_WEAK = YES;
				CLANG_WARN_BLOCK_CAPTURE_AUTORELEASING = YES;
				CLANG_WARN_BOOL_CONVERSION = YES;
				CLANG_WARN_COMMA = YES;
				CLANG_WARN_CONSTANT_CONVERSION = YES;
				CLANG_WARN_DEPRECATED_OBJC_IMPLEMENTATIONS = YES;
				CLANG_WARN_DIRECT_OBJC_ISA_USAGE = YES_ERROR;
				CLANG_WARN_DOCUMENTATION_COMMENTS = YES;
				CLANG_WARN_EMPTY_BODY = YES;
				CLANG_WARN_ENUM_CONVERSION = YES;
				CLANG_WARN_INFINITE_RECURSION = YES;
				CLANG_WARN_INT_CONVERSION = YES;
				CLANG_WARN_NON_LITERAL_NULL_CONVERSION = YES;
				CLANG_WARN_OBJC_IMPLICIT_RETAIN_SELF = YES;
				CLANG_WARN_OBJC_LITERAL_CONVERSION = YES;
				CLANG_WARN_OBJC_ROOT_CLASS = YES_ERROR;
				CLANG_WARN_QUOTED_INCLUDE_IN_FRAMEWORK_HEADER = YES;
				CLANG_WARN_RANGE_LOOP_ANALYSIS = YES;
				CLANG_WARN_STRICT_PROTOTYPES = YES;
				CLANG_WARN_SUSPICIOUS_MOVE = YES;
				CLANG_WARN_UNGUARDED_AVAILABILITY = YES_AGGRESSIVE;
				CLANG_WARN_UNREACHABLE_CODE = YES;
				CLANG_WARN__DUPLICATE_METHOD_MATCH = YES;
				COPY_PHASE_STRIP = NO;
				DEBUG_INFORMATION_FORMAT = "dwarf-with-dsym";
				ENABLE_NS_ASSERTIONS = NO;
				ENABLE_STRICT_OBJC_MSGSEND = YES;
				ENABLE_USER_SCRIPT_SANDBOXING = YES;
				GCC_C_LANGUAGE_STANDARD = gnu17;
				GCC_NO_COMMON_BLOCKS = YES;
				GCC_WARN_64_TO_32_BIT_CONVERSION = YES;
				GCC_WARN_ABOUT_RETURN_TYPE = YES_ERROR;
				GCC_WARN_UNDECLARED_SELECTOR = YES;
				GCC_WARN_UNINITIALIZED_AUTOS = YES_AGGRESSIVE;
				GCC_WARN_UNUSED_FUNCTION = YES;
				GCC_WARN_UNUSED_VARIABLE = YES;
				IPHONEOS_DEPLOYMENT_TARGET = 17.0;
				LOCALIZATION_PREFERS_STRING_CATALOGS = YES;
				MTL_ENABLE_DEBUG_INFO = NO;
				MTL_FAST_MATH = YES;
				SDKROOT = iphoneos;
				SWIFT_COMPILATION_MODE = wholemodule;
				VALIDATE_PRODUCT = YES;
			};
			name = Release;
		};
		A100002F0000000000000001 /* Debug */ = {
			isa = XCBuildConfiguration;
			baseConfigurationReference = A10000120000000000000003 /* Config.xcconfig */;
			buildSettings = {
				ASSETCATALOG_COMPILER_APPICON_NAME = AppIcon;
				ASSETCATALOG_COMPILER_GLOBAL_ACCENT_COLOR_NAME = AccentColor;
				CODE_SIGN_STYLE = Automatic;
				CURRENT_PROJECT_VERSION = 1;
				DEVELOPMENT_ASSET_PATHS = "\"OsapiensWeatherApp/Preview Content\"";
				DEVELOPMENT_TEAM = 2YWC458BZ6;
				ENABLE_PREVIEWS = YES;
				GENERATE_INFOPLIST_FILE = NO;
				INFOPLIST_FILE = OsapiensWeatherApp/Info.plist;
				INFOPLIST_KEY_UIApplicationSceneManifest_Generation = YES;
				INFOPLIST_KEY_UIApplicationSupportsIndirectInputEvents = YES;
				INFOPLIST_KEY_UILaunchScreen_Generation = YES;
				INFOPLIST_KEY_UISupportedInterfaceOrientations_iPad = "UIInterfaceOrientationPortrait UIInterfaceOrientationPortraitUpsideDown UIInterfaceOrientationLandscapeLeft UIInterfaceOrientationLandscapeRight";
				INFOPLIST_KEY_UISupportedInterfaceOrientations_iPhone = "UIInterfaceOrientationPortrait UIInterfaceOrientationLandscapeLeft UIInterfaceOrientationLandscapeRight";
				LD_RUNPATH_SEARCH_PATHS = (
					"$(inherited)",
					"@executable_path/Frameworks",
				);
				MARKETING_VERSION = 1.0;
				PRODUCT_BUNDLE_IDENTIFIER = com.osapiens.weatherapp;
				PRODUCT_NAME = "$(TARGET_NAME)";
				SWIFT_EMIT_LOC_STRINGS = YES;
				SWIFT_VERSION = 5.0;
				TARGETED_DEVICE_FAMILY = "1,2";
			};
			name = Debug;
		};
		A10000300000000000000001 /* Release */ = {
			isa = XCBuildConfiguration;
			baseConfigurationReference = A10000120000000000000003 /* Config.xcconfig */;
			buildSettings = {
				ASSETCATALOG_COMPILER_APPICON_NAME = AppIcon;
				ASSETCATALOG_COMPILER_GLOBAL_ACCENT_COLOR_NAME = AccentColor;
				CODE_SIGN_STYLE = Automatic;
				CURRENT_PROJECT_VERSION = 1;
				DEVELOPMENT_ASSET_PATHS = "\"OsapiensWeatherApp/Preview Content\"";
				DEVELOPMENT_TEAM = 2YWC458BZ6;
				ENABLE_PREVIEWS = YES;
				GENERATE_INFOPLIST_FILE = NO;
				INFOPLIST_FILE = OsapiensWeatherApp/Info.plist;
				INFOPLIST_KEY_UIApplicationSceneManifest_Generation = YES;
				INFOPLIST_KEY_UIApplicationSupportsIndirectInputEvents = YES;
				INFOPLIST_KEY_UILaunchScreen_Generation = YES;
				INFOPLIST_KEY_UISupportedInterfaceOrientations_iPad = "UIInterfaceOrientationPortrait UIInterfaceOrientationPortraitUpsideDown UIInterfaceOrientationLandscapeLeft UIInterfaceOrientationLandscapeRight";
				INFOPLIST_KEY_UISupportedInterfaceOrientations_iPhone = "UIInterfaceOrientationPortrait UIInterfaceOrientationLandscapeLeft UIInterfaceOrientationLandscapeRight";
				LD_RUNPATH_SEARCH_PATHS = (
					"$(inherited)",
					"@executable_path/Frameworks",
				);
				MARKETING_VERSION = 1.0;
				PRODUCT_BUNDLE_IDENTIFIER = com.osapiens.weatherapp;
				PRODUCT_NAME = "$(TARGET_NAME)";
				SWIFT_EMIT_LOC_STRINGS = YES;
				SWIFT_VERSION = 5.0;
				TARGETED_DEVICE_FAMILY = "1,2";
			};
			name = Release;
		};
/* End XCBuildConfiguration section */

/* Begin XCConfigurationList section */
		406463102E247CBA00B459A0 /* Build configuration list for PBXNativeTarget "OsapiensWeatherAppTests" */ = {
			isa = XCConfigurationList;
			buildConfigurations = (
				406463112E247CBA00B459A0 /* Debug */,
				406463122E247CBA00B459A0 /* Release */,
			);
			defaultConfigurationIsVisible = 0;
			defaultConfigurationName = Release;
		};
		A10000200000000000000001 /* Build configuration list for PBXNativeTarget "OsapiensWeatherApp" */ = {
			isa = XCConfigurationList;
			buildConfigurations = (
				A100002F0000000000000001 /* Debug */,
				A10000300000000000000001 /* Release */,
			);
			defaultConfigurationIsVisible = 0;
			defaultConfigurationName = Release;
		};
		A10000240000000000000001 /* Build configuration list for PBXProject "OsapiensWeatherApp" */ = {
			isa = XCConfigurationList;
			buildConfigurations = (
				A100002D0000000000000001 /* Debug */,
				A100002E0000000000000001 /* Release */,
			);
			defaultConfigurationIsVisible = 0;
			defaultConfigurationName = Release;
		};
/* End XCConfigurationList section */

/* Begin XCLocalSwiftPackageReference section */
		407EEE102E24865D0013402C /* XCLocalSwiftPackageReference "Packages/AppCore" */ = {
			isa = XCLocalSwiftPackageReference;
			relativePath = Packages/AppCore;
		};
		407EEE132E24866E0013402C /* XCLocalSwiftPackageReference "Packages/Features" */ = {
			isa = XCLocalSwiftPackageReference;
			relativePath = Packages/Features;
		};
		407EEE162E2486790013402C /* XCLocalSwiftPackageReference "Packages/LocationSearchClient" */ = {
			isa = XCLocalSwiftPackageReference;
			relativePath = Packages/LocationSearchClient;
		};
		407EEE192E2486820013402C /* XCLocalSwiftPackageReference "Packages/OpenMeteoClient" */ = {
			isa = XCLocalSwiftPackageReference;
			relativePath = Packages/OpenMeteoClient;
		};
		407EEE1C2E2486910013402C /* XCLocalSwiftPackageReference "Packages/OpenWeatherMapClient" */ = {
			isa = XCLocalSwiftPackageReference;
			relativePath = Packages/OpenWeatherMapClient;
		};
		407EEE1F2E24869E0013402C /* XCLocalSwiftPackageReference "Packages/UIComponents" */ = {
			isa = XCLocalSwiftPackageReference;
			relativePath = Packages/UIComponents;
		};
		407EEE222E2486A90013402C /* XCLocalSwiftPackageReference "Packages/WeatherServiceClient" */ = {
			isa = XCLocalSwiftPackageReference;
			relativePath = Packages/WeatherServiceClient;
		};
/* End XCLocalSwiftPackageReference section */

/* Begin XCRemoteSwiftPackageReference section */
		A100002C0000000000000001 /* XCRemoteSwiftPackageReference "swift-composable-architecture" */ = {
			isa = XCRemoteSwiftPackageReference;
			repositoryURL = "https://github.com/pointfreeco/swift-composable-architecture";
			requirement = {
				kind = upToNextMajorVersion;
				minimumVersion = 1.0.0;
			};
		};
/* End XCRemoteSwiftPackageReference section */

/* Begin XCSwiftPackageProductDependency section */
		4016825E2E245656009F2036 /* AppCore */ = {
			isa = XCSwiftPackageProductDependency;
			productName = AppCore;
		};
		401682612E24572D009F2036 /* AppCore */ = {
			isa = XCSwiftPackageProductDependency;
			productName = AppCore;
		};
		407EEE112E24865D0013402C /* AppCore */ = {
			isa = XCSwiftPackageProductDependency;
			productName = AppCore;
		};
		407EEE142E24866E0013402C /* Features */ = {
			isa = XCSwiftPackageProductDependency;
			productName = Features;
		};
		407EEE172E2486790013402C /* LocationSearchClient */ = {
			isa = XCSwiftPackageProductDependency;
			productName = LocationSearchClient;
		};
		407EEE1A2E2486820013402C /* OpenMeteoClient */ = {
			isa = XCSwiftPackageProductDependency;
			productName = OpenMeteoClient;
		};
		407EEE1D2E2486910013402C /* OpenWeatherMapClient */ = {
			isa = XCSwiftPackageProductDependency;
			productName = OpenWeatherMapClient;
		};
		407EEE202E24869E0013402C /* UIComponents */ = {
			isa = XCSwiftPackageProductDependency;
			productName = UIComponents;
		};
		407EEE232E2486A90013402C /* WeatherServiceClient */ = {
			isa = XCSwiftPackageProductDependency;
			productName = WeatherServiceClient;
		};
		A10000080000000000000002 /* ComposableArchitecture */ = {
			isa = XCSwiftPackageProductDependency;
			package = A100002C0000000000000001 /* XCRemoteSwiftPackageReference "swift-composable-architecture" */;
			productName = ComposableArchitecture;
		};
/* End XCSwiftPackageProductDependency section */
	};
	rootObject = A10000230000000000000001 /* Project object */;
}
